{
  "name": "calendar-event-challenge",
  "version": "1.0.0",
  "lockfileVersion": 1,
  "requires": true,
  "dependencies": {
    "@babel/parser": {
      "version": "7.15.7",
      "resolved": "https://registry.npmjs.org/@babel/parser/-/parser-7.15.7.tgz",
      "integrity": "sha512-rycZXvQ+xS9QyIcJ9HXeDWf1uxqlbVFAUq0Rq0dbc50Zb/+wUe/ehyfzGfm9KZZF0kBejYgxltBXocP+gKdL2g=="
    },
    "@fullcalendar/common": {
      "version": "5.9.0",
      "resolved": "https://registry.npmjs.org/@fullcalendar/common/-/common-5.9.0.tgz",
      "integrity": "sha512-wfUDRg53gzUU7Ng1wqjvvM2ncFx+5PiyCq5k2KjEbMourv7m4Zw6B3xlhpQbfUv3WOnbJgwLLNLFEMcsEJpXBQ==",
      "requires": {
        "tslib": "^2.1.0"
      }
    },
    "@fullcalendar/core": {
      "version": "5.9.0",
      "resolved": "https://registry.npmjs.org/@fullcalendar/core/-/core-5.9.0.tgz",
      "integrity": "sha512-3+zSm8ykXqM2vEGYp4P/BEoR2TB0W9mN6zBGZ6SY9y0nC+Fc0+ZXJmFlYmrEYSdO4kmREnlxntkp1+o9mu8PIQ==",
      "requires": {
        "@fullcalendar/common": "~5.9.0",
        "preact": "^10.0.5",
        "tslib": "^2.1.0"
      }
    },
    "@fullcalendar/vue3": {
      "version": "5.9.0",
      "resolved": "https://registry.npmjs.org/@fullcalendar/vue3/-/vue3-5.9.0.tgz",
      "integrity": "sha512-R/wmSysg27Il2oTNR6fb/Jg5dJGB7fYxOM8ZQnHtePaOfrnwb5XfcWfqFewz4xY23hNN2yw8uoAOtSTttQBTkw==",
      "requires": {
        "@fullcalendar/core": "~5.9.0",
        "tslib": "^2.1.0"
      }
    },
    "@vue/compiler-core": {
      "version": "3.2.14",
      "resolved": "https://registry.npmjs.org/@vue/compiler-core/-/compiler-core-3.2.14.tgz",
      "integrity": "sha512-dPxxBthVMBvUKDP/ppaQa+Lod6gUbpEJUov10Uwl/sRI8qHcMLK7CJocCd7Ic1BbjgLGISJ4KTw+JRgSdkOFQg==",
      "requires": {
        "@babel/parser": "^7.15.0",
        "@vue/shared": "3.2.14",
        "estree-walker": "^2.0.2",
        "source-map": "^0.6.1"
      }
    },
    "@vue/compiler-dom": {
      "version": "3.2.14",
      "resolved": "https://registry.npmjs.org/@vue/compiler-dom/-/compiler-dom-3.2.14.tgz",
      "integrity": "sha512-AEfQPdvVvwy+U5WnvmVHKjQwaR3vWhALe/40swnu/AH/fQ4/wKrNf2e3ACMseAF0x8XdBQJJe+kZ+OaT0phc4Q==",
      "requires": {
        "@vue/compiler-core": "3.2.14",
        "@vue/shared": "3.2.14"
      }
    },
    "@vue/compiler-sfc": {
      "version": "3.2.14",
      "resolved": "https://registry.npmjs.org/@vue/compiler-sfc/-/compiler-sfc-3.2.14.tgz",
      "integrity": "sha512-Okm1g5SsAA8XY3bOXSt265+oRbGNBajBzUhdT3TBmlLcJOSLFmdzZbkzM9pCU42CqA/28SsCEeoNeY7KPAr6Fg==",
      "requires": {
        "@babel/parser": "^7.15.0",
        "@vue/compiler-core": "3.2.14",
        "@vue/compiler-dom": "3.2.14",
        "@vue/compiler-ssr": "3.2.14",
        "@vue/ref-transform": "3.2.14",
        "@vue/shared": "3.2.14",
        "estree-walker": "^2.0.2",
        "magic-string": "^0.25.7",
        "postcss": "^8.1.10",
        "source-map": "^0.6.1"
      }
    },
    "@vue/compiler-ssr": {
      "version": "3.2.14",
      "resolved": "https://registry.npmjs.org/@vue/compiler-ssr/-/compiler-ssr-3.2.14.tgz",
      "integrity": "sha512-G6sSLKrcR4rn+r79G1s+5wImyO+w5mSgegF6y1m+Lvty5qBs8sv7iIc//zv8NUoQtg+rnnWdjFy6yNcbklLFNg==",
      "requires": {
        "@vue/compiler-dom": "3.2.14",
        "@vue/shared": "3.2.14"
      }
    },
    "@vue/devtools-api": {
      "version": "6.0.0-beta.18",
      "resolved": "https://registry.npmjs.org/@vue/devtools-api/-/devtools-api-6.0.0-beta.18.tgz",
      "integrity": "sha512-56vRhO7nXWWFYTx520BQSDlQH5VYpwy62hFDEqi2yHHEBpEqseOP5WYQusq7BEW3DXSY9E9cfPVR5CFtJbKuMg=="
    },
    "@vue/reactivity": {
      "version": "3.2.14",
      "resolved": "https://registry.npmjs.org/@vue/reactivity/-/reactivity-3.2.14.tgz",
      "integrity": "sha512-dBUeNJTY5xmyY6fxoS3Zo82hFMo2xSCh9KoTz9PRWtgZzcCS556ZidmbsZpRcRw/bgWFFsfEUI+KeYSOCtasAA==",
      "requires": {
        "@vue/shared": "3.2.14"
      }
    },
    "@vue/ref-transform": {
      "version": "3.2.14",
      "resolved": "https://registry.npmjs.org/@vue/ref-transform/-/ref-transform-3.2.14.tgz",
      "integrity": "sha512-WJpUAIXPaO4tFzZRTnXxZQ6DTI2mshG+yEgURVdia65/V+YAAMpsV9vAuNHUrbIexPzt53thQZo+PZBdxxa7qg==",
      "requires": {
        "@babel/parser": "^7.15.0",
        "@vue/compiler-core": "3.2.14",
        "@vue/shared": "3.2.14",
        "estree-walker": "^2.0.2",
        "magic-string": "^0.25.7"
      }
    },
    "@vue/runtime-core": {
      "version": "3.2.14",
      "resolved": "https://registry.npmjs.org/@vue/runtime-core/-/runtime-core-3.2.14.tgz",
      "integrity": "sha512-heys9NaCuxheWJWyktKqMTgDvY13wdsVOQNcT+Jk636bLzBKUadqc/3rcz7rkNKmbBdpZT5zyRI4Qbt3LfMb7Q==",
      "requires": {
        "@vue/reactivity": "3.2.14",
        "@vue/shared": "3.2.14"
      }
    },
    "@vue/runtime-dom": {
      "version": "3.2.14",
      "resolved": "https://registry.npmjs.org/@vue/runtime-dom/-/runtime-dom-3.2.14.tgz",
      "integrity": "sha512-5GcI+sDAzOX+tPPgmpCjSrkAOW79Bn/e77Ctx+lJJl6pTpAWZ2YSjGJA8hNOsM/MC6o5KYRIi5JT4n0/wv2rvA==",
      "requires": {
        "@vue/runtime-core": "3.2.14",
        "@vue/shared": "3.2.14",
        "csstype": "^2.6.8"
      }
    },
    "@vue/server-renderer": {
      "version": "3.2.14",
      "resolved": "https://registry.npmjs.org/@vue/server-renderer/-/server-renderer-3.2.14.tgz",
      "integrity": "sha512-0QkC4n2fen0Mel+Y+CsZmktVzL9TnuCNZaGObSNHR+lposbMHsBt5XIZJtqMzyL3d977/biuzG1gXXA5nHVVRg==",
      "requires": {
        "@vue/compiler-ssr": "3.2.14",
        "@vue/shared": "3.2.14"
      }
    },
    "@vue/shared": {
      "version": "3.2.14",
      "resolved": "https://registry.npmjs.org/@vue/shared/-/shared-3.2.14.tgz",
      "integrity": "sha512-Yndg5Q99hbP76oU0UXQ9V4O0oQ/xjIToJJjmv1BHPUoaebv40vt0YGahNCb6v9WRRXZIMJOQ+4DmqsGhXRi70w=="
    },
    "csstype": {
      "version": "2.6.18",
      "resolved": "https://registry.npmjs.org/csstype/-/csstype-2.6.18.tgz",
      "integrity": "sha512-RSU6Hyeg14am3Ah4VZEmeX8H7kLwEEirXe6aU2IPfKNvhXwTflK5HQRDNI0ypQXoqmm+QPyG2IaPuQE5zMwSIQ=="
    },
    "estree-walker": {
      "version": "2.0.2",
      "resolved": "https://registry.npmjs.org/estree-walker/-/estree-walker-2.0.2.tgz",
      "integrity": "sha512-Rfkk/Mp/DL7JVje3u18FxFujQlTNR2q6QfMSMB7AvCBx91NGj/ba3kCfza0f6dVDbw7YlRf/nDrn7pQrCCyQ/w=="
    },
    "magic-string": {
      "version": "0.25.7",
      "resolved": "https://registry.npmjs.org/magic-string/-/magic-string-0.25.7.tgz",
      "integrity": "sha512-4CrMT5DOHTDk4HYDlzmwu4FVCcIYI8gauveasrdCu2IKIFOJ3f0v/8MDGJCDL9oD2ppz/Av1b0Nj345H9M+XIA==",
      "requires": {
        "sourcemap-codec": "^1.4.4"
      }
    },
    "nanocolors": {
      "version": "0.1.12",
      "resolved": "https://registry.npmjs.org/nanocolors/-/nanocolors-0.1.12.tgz",
      "integrity": "sha512-2nMHqg1x5PU+unxX7PGY7AuYxl2qDx7PSrTRjizr8sxdd3l/3hBuWWaki62qmtYm2U5i4Z5E7GbjlyDFhs9/EQ=="
    },
    "nanoid": {
      "version": "3.1.25",
      "resolved": "https://registry.npmjs.org/nanoid/-/nanoid-3.1.25.tgz",
      "integrity": "sha512-rdwtIXaXCLFAQbnfqDRnI6jaRHp9fTcYBjtFKE8eezcZ7LuLjhUaQGNeMXf1HmRoCH32CLz6XwX0TtxEOS/A3Q=="
    },
    "postcss": {
      "version": "8.3.7",
      "resolved": "https://registry.npmjs.org/postcss/-/postcss-8.3.7.tgz",
      "integrity": "sha512-9SaY7nnyQ63/WittqZYAvkkYPyKxchMKH71UDzeTmWuLSvxTRpeEeABZAzlCi55cuGcoFyoV/amX2BdsafQidQ==",
      "requires": {
        "nanocolors": "^0.1.5",
        "nanoid": "^3.1.25",
        "source-map-js": "^0.6.2"
      }
    },
    "preact": {
      "version": "10.5.14",
      "resolved": "https://registry.npmjs.org/preact/-/preact-10.5.14.tgz",
      "integrity": "sha512-KojoltCrshZ099ksUZ2OQKfbH66uquFoxHSbnwKbTJHeQNvx42EmC7wQVWNuDt6vC5s3nudRHFtKbpY4ijKlaQ=="
    },
    "source-map": {
      "version": "0.6.1",
      "resolved": "https://registry.npmjs.org/source-map/-/source-map-0.6.1.tgz",
      "integrity": "sha512-UjgapumWlbMhkBgzT7Ykc5YXUT46F0iKu8SGXq0bcwP5dz/h0Plj6enJqjz1Zbq2l5WaqYnrVbwWOWMyF3F47g=="
    },
    "source-map-js": {
      "version": "0.6.2",
      "resolved": "https://registry.npmjs.org/source-map-js/-/source-map-js-0.6.2.tgz",
      "integrity": "sha512-/3GptzWzu0+0MBQFrDKzw/DvvMTUORvgY6k6jd/VS6iCR4RDTKWH6v6WPwQoUO8667uQEf9Oe38DxAYWY5F/Ug=="
    },
    "sourcemap-codec": {
      "version": "1.4.8",
      "resolved": "https://registry.npmjs.org/sourcemap-codec/-/sourcemap-codec-1.4.8.tgz",
      "integrity": "sha512-9NykojV5Uih4lgo5So5dtw+f0JgJX30KCNI8gwhz2J9A15wD0Ml6tjHKwf6fTSa6fAdVBdZeNOs9eJ71qCk8vA=="
    },
    "tslib": {
      "version": "2.3.1",
      "resolved": "https://registry.npmjs.org/tslib/-/tslib-2.3.1.tgz",
      "integrity": "sha512-77EbyPPpMz+FRFRuAFlWMtmgUWGe9UOG2Z25NqCwiIjRhOf5iKGuzSe5P2w1laq+FkRy4p+PCuVkJSGkzTEKVw=="
    },
    "vue": {
      "version": "3.2.14",
      "resolved": "https://registry.npmjs.org/vue/-/vue-3.2.14.tgz",
      "integrity": "sha512-BYgzQHjm44SMTwagnXuVykro8v7jpMNYnhG0Wa5wnWVqKH+Ia7wtajNKFI6rihSVQGt+gveJ3dq0rQK0qIJ6PQ==",
      "requires": {
        "@vue/compiler-dom": "3.2.14",
        "@vue/compiler-sfc": "3.2.14",
        "@vue/runtime-dom": "3.2.14",
        "@vue/server-renderer": "3.2.14",
        "@vue/shared": "3.2.14"
      }
    },
    "vue-router": {
      "version": "4.0.11",
      "resolved": "https://registry.npmjs.org/vue-router/-/vue-router-4.0.11.tgz",
      "integrity": "sha512-sha6I8fx9HWtvTrFZfxZkiQQBpqSeT+UCwauYjkdOQYRvwsGwimlQQE2ayqUwuuXGzquFpCPoXzYKWlzL4OuXg==",
      "requires": {
        "@vue/devtools-api": "^6.0.0-beta.14"
      }
    }
  }
}
